
Microsoft Visual Studio Solution File, Format Version 12.00
# Visual Studio Version 17
VisualStudioVersion = 17.14.36518.9 d17.14
MinimumVisualStudioVersion = 10.0.40219.1
Project("{FAE04EC0-301F-11D3-BF4B-00C04F79EFBC}") = "first_project", "first_project\first_project.csproj", "{CF240A61-7F90-4D0B-9AF4-92C6AB945FF9}"
EndProject
Global
	GlobalSection(SolutionConfigurationPlatforms) = preSolution
		Debug|Any CPU = Debug|Any CPU
		Release|Any CPU = Release|Any CPU
	EndGlobalSection
	GlobalSection(ProjectConfigurationPlatforms) = postSolution
		{CF240A61-7F90-4D0B-9AF4-92C6AB945FF9}.Debug|Any CPU.ActiveCfg = Debug|Any CPU
		{CF240A61-7F90-4D0B-9AF4-92C6AB945FF9}.Debug|Any CPU.Build.0 = Debug|Any CPU
		{CF240A61-7F90-4D0B-9AF4-92C6AB945FF9}.Release|Any CPU.ActiveCfg = Release|Any CPU
		{CF240A61-7F90-4D0B-9AF4-92C6AB945FF9}.Release|Any CPU.Build.0 = Release|Any CPU
	EndGlobalSection
	GlobalSection(SolutionProperties) = preSolution
		HideSolutionNode = FALSE
	EndGlobalSection
	GlobalSection(ExtensibilityGlobals) = postSolution
		SolutionGuid = {95A74BA7-3527-4180-A04A-19C64C043F72}
	EndGlobalSection
EndGlobal
